
Microsoft Visual Studio Solution File, Format Version 12.00
Project("{FAE04EC0-301F-11D3-BF4B-00C04F79EFBC}") = "Legio.Core", "Legio.Core\Legio.Core.csproj", "{3E6884E3-BBC7-4299-BDE5-CF3F91331D10}"
EndProject
Project("{F2A71F9B-5D33-465A-A702-920D77279786}") = "Legio.Haruspex", "Legio.Haruspex\Legio.Haruspex.fsproj", "{ABE82F33-E0D8-4761-8223-284FF85FAE6A}"
EndProject
Global
	GlobalSection(SolutionConfigurationPlatforms) = preSolution
		Debug|Any CPU = Debug|Any CPU
		Release|Any CPU = Release|Any CPU
	EndGlobalSection
	GlobalSection(ProjectConfigurationPlatforms) = postSolution
		{3E6884E3-BBC7-4299-BDE5-CF3F91331D10}.Debug|Any CPU.ActiveCfg = Debug|Any CPU
		{3E6884E3-BBC7-4299-BDE5-CF3F91331D10}.Debug|Any CPU.Build.0 = Debug|Any CPU
		{3E6884E3-BBC7-4299-BDE5-CF3F91331D10}.Release|Any CPU.ActiveCfg = Release|Any CPU
		{3E6884E3-BBC7-4299-BDE5-CF3F91331D10}.Release|Any CPU.Build.0 = Release|Any CPU
		{ABE82F33-E0D8-4761-8223-284FF85FAE6A}.Debug|Any CPU.ActiveCfg = Debug|Any CPU
		{ABE82F33-E0D8-4761-8223-284FF85FAE6A}.Debug|Any CPU.Build.0 = Debug|Any CPU
		{ABE82F33-E0D8-4761-8223-284FF85FAE6A}.Release|Any CPU.ActiveCfg = Release|Any CPU
		{ABE82F33-E0D8-4761-8223-284FF85FAE6A}.Release|Any CPU.Build.0 = Release|Any CPU
	EndGlobalSection
EndGlobal
